
Microsoft Visual Studio Solution File, Format Version 12.00
# Visual Studio Version 17
VisualStudioVersion = 17.3.32901.215
MinimumVisualStudioVersion = 10.0.40219.1
Project("{2150E333-8FDC-42A3-9474-1A3956D46DE8}") = "src", "src", "{E972D8C4-27A3-4DCE-813D-CEA8617BE84E}"
EndProject
Project("{2150E333-8FDC-42A3-9474-1A3956D46DE8}") = "Services", "Services", "{34E852B2-AF5F-4402-95CA-47EA5C7F6B6A}"
EndProject
Project("{2150E333-8FDC-42A3-9474-1A3956D46DE8}") = "Management", "Management", "{080F1A92-5240-4643-BB6D-D07D5A9723AD}"
EndProject
Project("{2150E333-8FDC-42A3-9474-1A3956D46DE8}") = "Calculator", "Calculator", "{A87E1EC8-EDEB-49AB-8326-2B0C6A9B27C4}"
EndProject
Project("{9A19103F-16F7-4668-BE54-9A1E7A4F7556}") = "Calculator.API", "src\Services\Calculator\Calculator.API\Calculator.API.csproj", "{87FAF743-51C3-4166-9C1D-A5C0B0059A58}"
EndProject
Project("{9A19103F-16F7-4668-BE54-9A1E7A4F7556}") = "Calculator.Application", "src\Services\Calculator\Calculator.Application\Calculator.Application.csproj", "{E556A4E5-311B-490C-B0DA-A0FADB3FF1A6}"
EndProject
Project("{9A19103F-16F7-4668-BE54-9A1E7A4F7556}") = "Calculator.Domain", "src\Services\Calculator\Calculator.Domain\Calculator.Domain.csproj", "{BCDC0270-FCE8-4D0D-B09B-087422DB52D3}"
EndProject
Project("{9A19103F-16F7-4668-BE54-9A1E7A4F7556}") = "Calculator.Infrastructure", "src\Services\Calculator\Calculator.Infrastructure\Calculator.Infrastructure.csproj", "{2CFFEB0F-2FF2-4228-BE18-77B3D0947F88}"
EndProject
Project("{9A19103F-16F7-4668-BE54-9A1E7A4F7556}") = "Management.API", "src\Services\Management\Management.API\Management.API.csproj", "{AB3E16B3-0F99-4044-A97D-82C5197FBF4A}"
EndProject
Project("{9A19103F-16F7-4668-BE54-9A1E7A4F7556}") = "Management.Domain", "src\Services\Management\Management.Domain\Management.Domain.csproj", "{EC7A002A-4462-45C0-8A74-5F6E796039FA}"
EndProject
Project("{9A19103F-16F7-4668-BE54-9A1E7A4F7556}") = "Management.Infrastructure", "src\Services\Management\Management.Infrastructure\Management.Infrastructure.csproj", "{6E8901F4-9ECA-4485-8691-D9FCCED141F2}"
EndProject
Project("{9A19103F-16F7-4668-BE54-9A1E7A4F7556}") = "Management.Application", "src\Services\Management\Management.Application\Management.Application.csproj", "{01FD7983-CD1E-4C85-9DD1-5D22B6B1F031}"
EndProject
Project("{2150E333-8FDC-42A3-9474-1A3956D46DE8}") = "Shared", "Shared", "{C29B1DF4-BE07-4AA3-931B-9848CB7AFD82}"
EndProject
Project("{9A19103F-16F7-4668-BE54-9A1E7A4F7556}") = "Shared.Domain", "src\Services\Shared\Shared.Domain\Shared.Domain.csproj", "{ED693758-414D-4242-B3AD-29427294429C}"
EndProject
Project("{9A19103F-16F7-4668-BE54-9A1E7A4F7556}") = "Shared.Implementations", "src\Services\Shared\Shared.Implementations\Shared.Implementations.csproj", "{4FB36D9F-E2FC-4165-A99E-4CF86BABE64D}"
EndProject
Project("{2150E333-8FDC-42A3-9474-1A3956D46DE8}") = "Identity", "Identity", "{7FC0871A-E18D-4661-8670-DFE1EAA38CD1}"
EndProject
Project("{9A19103F-16F7-4668-BE54-9A1E7A4F7556}") = "Identity.API", "src\Services\Identity\Identity.API\Identity.API.csproj", "{C4BF3FE7-EBF3-470F-95F0-A244A8D098E0}"
EndProject
Project("{9A19103F-16F7-4668-BE54-9A1E7A4F7556}") = "Identity.Infrastructure", "src\Services\Identity\Identity.Infrastructure\Identity.Infrastructure.csproj", "{3EE35428-360D-4E30-B910-35B6D5505019}"
EndProject
Project("{9A19103F-16F7-4668-BE54-9A1E7A4F7556}") = "Identity.Application", "src\Services\Identity\Identity.Application\Identity.Application.csproj", "{96522A74-6D20-43F2-B23F-AE072276686A}"
EndProject
Project("{9A19103F-16F7-4668-BE54-9A1E7A4F7556}") = "Identity.Domain", "src\Services\Identity\Identity.Domain\Identity.Domain.csproj", "{13C14BCF-FBDD-46ED-BD56-E9E27E4A8FEE}"
EndProject
Project("{2150E333-8FDC-42A3-9474-1A3956D46DE8}") = "Tests", "Tests", "{E5C3EE0D-0DD7-4A73-A15A-67A68BE00317}"
EndProject
Project("{9A19103F-16F7-4668-BE54-9A1E7A4F7556}") = "Calculator.IntegrationTests", "src\Services\Calculator\Tests\Calculator.IntegrationTests\Calculator.IntegrationTests.csproj", "{99B33975-8393-48FD-BAF6-6B2CF6169331}"
EndProject
Project("{9A19103F-16F7-4668-BE54-9A1E7A4F7556}") = "Calculator.UnitTests", "src\Services\Calculator\Tests\Calculator.UnitTests\Calculator.UnitTests.csproj", "{B9399114-3200-496D-8691-D23A4C04FEA7}"
EndProject
Project("{2150E333-8FDC-42A3-9474-1A3956D46DE8}") = "ApiGateway", "ApiGateway", "{4780E879-D39E-4D61-A305-74E944701F36}"
EndProject
Project("{9A19103F-16F7-4668-BE54-9A1E7A4F7556}") = "Titan.OcelotGateway", "src\ApiGateway\Titan.OcelotGateway\Titan.OcelotGateway.csproj", "{0F2DC300-12A2-4F57-B451-CC96739E498C}"
EndProject
Project("{2150E333-8FDC-42A3-9474-1A3956D46DE8}") = "AuthManager", "AuthManager", "{2C800069-412F-42BB-BF29-F1DF8A13E152}"
EndProject
Project("{9A19103F-16F7-4668-BE54-9A1E7A4F7556}") = "JwtAuthenticationManager", "src\AuthManager\JwtAuthenticationManager\JwtAuthenticationManager.csproj", "{01386F5E-870D-46E7-9ADC-79B2BB4E8023}"
EndProject
Project("{2150E333-8FDC-42A3-9474-1A3956D46DE8}") = "Tests", "Tests", "{26F79D3F-1F02-42BE-A102-371DAD83EE62}"
EndProject
Project("{9A19103F-16F7-4668-BE54-9A1E7A4F7556}") = "Management.UnitTests", "src\Services\Management\Tests\Management.UnitTests\Management.UnitTests.csproj", "{DB1F98B2-B40C-4907-B16D-0057D173100F}"
EndProject
Project("{2150E333-8FDC-42A3-9474-1A3956D46DE8}") = "Tests", "Tests", "{C6A9BA0C-179C-4AD7-9675-282FF21DD0F3}"
EndProject
Project("{9A19103F-16F7-4668-BE54-9A1E7A4F7556}") = "Identity.UnitTests", "src\Services\Identity\Tests\Identity.UnitTests\Identity.UnitTests.csproj", "{9BA9F91B-38D4-421E-BEE3-C9265E789728}"
EndProject
Project("{2150E333-8FDC-42A3-9474-1A3956D46DE8}") = "General", "General", "{A38B2C58-694B-40CB-AA88-6A18F7B760EB}"
EndProject
Project("{FAE04EC0-301F-11D3-BF4B-00C04F79EFBC}") = "General.API", "src\Services\General\General.API\General.API.csproj", "{0D9F4FDF-0E0B-4502-9C7D-2A2A631DDE30}"
EndProject
Project("{FAE04EC0-301F-11D3-BF4B-00C04F79EFBC}") = "General.Domain", "src\Services\General\General.Domain\General.Domain.csproj", "{45E4AFA9-F92B-410B-B751-777F19C72DBE}"
EndProject
Project("{FAE04EC0-301F-11D3-BF4B-00C04F79EFBC}") = "General.Application", "src\Services\General\General.Application\General.Application.csproj", "{1D02C82C-8EDB-4DEA-8703-3FCB8C4838E5}"
EndProject
Project("{FAE04EC0-301F-11D3-BF4B-00C04F79EFBC}") = "General.Infrastructure", "src\Services\General\General.Infrastructure\General.Infrastructure.csproj", "{E779FEB9-CA15-42FC-A9F9-F5637244E9EC}"
EndProject
Global
	GlobalSection(SolutionConfigurationPlatforms) = preSolution
		Debug|Any CPU = Debug|Any CPU
		Release|Any CPU = Release|Any CPU
	EndGlobalSection
	GlobalSection(ProjectConfigurationPlatforms) = postSolution
		{87FAF743-51C3-4166-9C1D-A5C0B0059A58}.Debug|Any CPU.ActiveCfg = Debug|Any CPU
		{87FAF743-51C3-4166-9C1D-A5C0B0059A58}.Debug|Any CPU.Build.0 = Debug|Any CPU
		{87FAF743-51C3-4166-9C1D-A5C0B0059A58}.Release|Any CPU.ActiveCfg = Release|Any CPU
		{87FAF743-51C3-4166-9C1D-A5C0B0059A58}.Release|Any CPU.Build.0 = Release|Any CPU
		{E556A4E5-311B-490C-B0DA-A0FADB3FF1A6}.Debug|Any CPU.ActiveCfg = Debug|Any CPU
		{E556A4E5-311B-490C-B0DA-A0FADB3FF1A6}.Debug|Any CPU.Build.0 = Debug|Any CPU
		{E556A4E5-311B-490C-B0DA-A0FADB3FF1A6}.Release|Any CPU.ActiveCfg = Release|Any CPU
		{E556A4E5-311B-490C-B0DA-A0FADB3FF1A6}.Release|Any CPU.Build.0 = Release|Any CPU
		{BCDC0270-FCE8-4D0D-B09B-087422DB52D3}.Debug|Any CPU.ActiveCfg = Debug|Any CPU
		{BCDC0270-FCE8-4D0D-B09B-087422DB52D3}.Debug|Any CPU.Build.0 = Debug|Any CPU
		{BCDC0270-FCE8-4D0D-B09B-087422DB52D3}.Release|Any CPU.ActiveCfg = Release|Any CPU
		{BCDC0270-FCE8-4D0D-B09B-087422DB52D3}.Release|Any CPU.Build.0 = Release|Any CPU
		{2CFFEB0F-2FF2-4228-BE18-77B3D0947F88}.Debug|Any CPU.ActiveCfg = Debug|Any CPU
		{2CFFEB0F-2FF2-4228-BE18-77B3D0947F88}.Debug|Any CPU.Build.0 = Debug|Any CPU
		{2CFFEB0F-2FF2-4228-BE18-77B3D0947F88}.Release|Any CPU.ActiveCfg = Release|Any CPU
		{2CFFEB0F-2FF2-4228-BE18-77B3D0947F88}.Release|Any CPU.Build.0 = Release|Any CPU
		{AB3E16B3-0F99-4044-A97D-82C5197FBF4A}.Debug|Any CPU.ActiveCfg = Debug|Any CPU
		{AB3E16B3-0F99-4044-A97D-82C5197FBF4A}.Debug|Any CPU.Build.0 = Debug|Any CPU
		{AB3E16B3-0F99-4044-A97D-82C5197FBF4A}.Release|Any CPU.ActiveCfg = Release|Any CPU
		{AB3E16B3-0F99-4044-A97D-82C5197FBF4A}.Release|Any CPU.Build.0 = Release|Any CPU
		{EC7A002A-4462-45C0-8A74-5F6E796039FA}.Debug|Any CPU.ActiveCfg = Debug|Any CPU
		{EC7A002A-4462-45C0-8A74-5F6E796039FA}.Debug|Any CPU.Build.0 = Debug|Any CPU
		{EC7A002A-4462-45C0-8A74-5F6E796039FA}.Release|Any CPU.ActiveCfg = Release|Any CPU
		{EC7A002A-4462-45C0-8A74-5F6E796039FA}.Release|Any CPU.Build.0 = Release|Any CPU
		{6E8901F4-9ECA-4485-8691-D9FCCED141F2}.Debug|Any CPU.ActiveCfg = Debug|Any CPU
		{6E8901F4-9ECA-4485-8691-D9FCCED141F2}.Debug|Any CPU.Build.0 = Debug|Any CPU
		{6E8901F4-9ECA-4485-8691-D9FCCED141F2}.Release|Any CPU.ActiveCfg = Release|Any CPU
		{6E8901F4-9ECA-4485-8691-D9FCCED141F2}.Release|Any CPU.Build.0 = Release|Any CPU
		{01FD7983-CD1E-4C85-9DD1-5D22B6B1F031}.Debug|Any CPU.ActiveCfg = Debug|Any CPU
		{01FD7983-CD1E-4C85-9DD1-5D22B6B1F031}.Debug|Any CPU.Build.0 = Debug|Any CPU
		{01FD7983-CD1E-4C85-9DD1-5D22B6B1F031}.Release|Any CPU.ActiveCfg = Release|Any CPU
		{01FD7983-CD1E-4C85-9DD1-5D22B6B1F031}.Release|Any CPU.Build.0 = Release|Any CPU
		{ED693758-414D-4242-B3AD-29427294429C}.Debug|Any CPU.ActiveCfg = Debug|Any CPU
		{ED693758-414D-4242-B3AD-29427294429C}.Debug|Any CPU.Build.0 = Debug|Any CPU
		{ED693758-414D-4242-B3AD-29427294429C}.Release|Any CPU.ActiveCfg = Release|Any CPU
		{ED693758-414D-4242-B3AD-29427294429C}.Release|Any CPU.Build.0 = Release|Any CPU
		{4FB36D9F-E2FC-4165-A99E-4CF86BABE64D}.Debug|Any CPU.ActiveCfg = Debug|Any CPU
		{4FB36D9F-E2FC-4165-A99E-4CF86BABE64D}.Debug|Any CPU.Build.0 = Debug|Any CPU
		{4FB36D9F-E2FC-4165-A99E-4CF86BABE64D}.Release|Any CPU.ActiveCfg = Release|Any CPU
		{4FB36D9F-E2FC-4165-A99E-4CF86BABE64D}.Release|Any CPU.Build.0 = Release|Any CPU
		{C4BF3FE7-EBF3-470F-95F0-A244A8D098E0}.Debug|Any CPU.ActiveCfg = Debug|Any CPU
		{C4BF3FE7-EBF3-470F-95F0-A244A8D098E0}.Debug|Any CPU.Build.0 = Debug|Any CPU
		{C4BF3FE7-EBF3-470F-95F0-A244A8D098E0}.Release|Any CPU.ActiveCfg = Release|Any CPU
		{C4BF3FE7-EBF3-470F-95F0-A244A8D098E0}.Release|Any CPU.Build.0 = Release|Any CPU
		{3EE35428-360D-4E30-B910-35B6D5505019}.Debug|Any CPU.ActiveCfg = Debug|Any CPU
		{3EE35428-360D-4E30-B910-35B6D5505019}.Debug|Any CPU.Build.0 = Debug|Any CPU
		{3EE35428-360D-4E30-B910-35B6D5505019}.Release|Any CPU.ActiveCfg = Release|Any CPU
		{3EE35428-360D-4E30-B910-35B6D5505019}.Release|Any CPU.Build.0 = Release|Any CPU
		{96522A74-6D20-43F2-B23F-AE072276686A}.Debug|Any CPU.ActiveCfg = Debug|Any CPU
		{96522A74-6D20-43F2-B23F-AE072276686A}.Debug|Any CPU.Build.0 = Debug|Any CPU
		{96522A74-6D20-43F2-B23F-AE072276686A}.Release|Any CPU.ActiveCfg = Release|Any CPU
		{96522A74-6D20-43F2-B23F-AE072276686A}.Release|Any CPU.Build.0 = Release|Any CPU
		{13C14BCF-FBDD-46ED-BD56-E9E27E4A8FEE}.Debug|Any CPU.ActiveCfg = Debug|Any CPU
		{13C14BCF-FBDD-46ED-BD56-E9E27E4A8FEE}.Debug|Any CPU.Build.0 = Debug|Any CPU
		{13C14BCF-FBDD-46ED-BD56-E9E27E4A8FEE}.Release|Any CPU.ActiveCfg = Release|Any CPU
		{13C14BCF-FBDD-46ED-BD56-E9E27E4A8FEE}.Release|Any CPU.Build.0 = Release|Any CPU
		{99B33975-8393-48FD-BAF6-6B2CF6169331}.Debug|Any CPU.ActiveCfg = Debug|Any CPU
		{99B33975-8393-48FD-BAF6-6B2CF6169331}.Debug|Any CPU.Build.0 = Debug|Any CPU
		{99B33975-8393-48FD-BAF6-6B2CF6169331}.Release|Any CPU.ActiveCfg = Release|Any CPU
		{99B33975-8393-48FD-BAF6-6B2CF6169331}.Release|Any CPU.Build.0 = Release|Any CPU
		{B9399114-3200-496D-8691-D23A4C04FEA7}.Debug|Any CPU.ActiveCfg = Debug|Any CPU
		{B9399114-3200-496D-8691-D23A4C04FEA7}.Debug|Any CPU.Build.0 = Debug|Any CPU
		{B9399114-3200-496D-8691-D23A4C04FEA7}.Release|Any CPU.ActiveCfg = Release|Any CPU
		{B9399114-3200-496D-8691-D23A4C04FEA7}.Release|Any CPU.Build.0 = Release|Any CPU
		{0F2DC300-12A2-4F57-B451-CC96739E498C}.Debug|Any CPU.ActiveCfg = Debug|Any CPU
		{0F2DC300-12A2-4F57-B451-CC96739E498C}.Debug|Any CPU.Build.0 = Debug|Any CPU
		{0F2DC300-12A2-4F57-B451-CC96739E498C}.Release|Any CPU.ActiveCfg = Release|Any CPU
		{0F2DC300-12A2-4F57-B451-CC96739E498C}.Release|Any CPU.Build.0 = Release|Any CPU
		{01386F5E-870D-46E7-9ADC-79B2BB4E8023}.Debug|Any CPU.ActiveCfg = Debug|Any CPU
		{01386F5E-870D-46E7-9ADC-79B2BB4E8023}.Debug|Any CPU.Build.0 = Debug|Any CPU
		{01386F5E-870D-46E7-9ADC-79B2BB4E8023}.Release|Any CPU.ActiveCfg = Release|Any CPU
		{01386F5E-870D-46E7-9ADC-79B2BB4E8023}.Release|Any CPU.Build.0 = Release|Any CPU
		{DB1F98B2-B40C-4907-B16D-0057D173100F}.Debug|Any CPU.ActiveCfg = Debug|Any CPU
		{DB1F98B2-B40C-4907-B16D-0057D173100F}.Debug|Any CPU.Build.0 = Debug|Any CPU
		{DB1F98B2-B40C-4907-B16D-0057D173100F}.Release|Any CPU.ActiveCfg = Release|Any CPU
		{DB1F98B2-B40C-4907-B16D-0057D173100F}.Release|Any CPU.Build.0 = Release|Any CPU
		{9BA9F91B-38D4-421E-BEE3-C9265E789728}.Debug|Any CPU.ActiveCfg = Debug|Any CPU
		{9BA9F91B-38D4-421E-BEE3-C9265E789728}.Debug|Any CPU.Build.0 = Debug|Any CPU
		{9BA9F91B-38D4-421E-BEE3-C9265E789728}.Release|Any CPU.ActiveCfg = Release|Any CPU
		{9BA9F91B-38D4-421E-BEE3-C9265E789728}.Release|Any CPU.Build.0 = Release|Any CPU
		{0D9F4FDF-0E0B-4502-9C7D-2A2A631DDE30}.Debug|Any CPU.ActiveCfg = Debug|Any CPU
		{0D9F4FDF-0E0B-4502-9C7D-2A2A631DDE30}.Debug|Any CPU.Build.0 = Debug|Any CPU
		{0D9F4FDF-0E0B-4502-9C7D-2A2A631DDE30}.Release|Any CPU.ActiveCfg = Release|Any CPU
		{0D9F4FDF-0E0B-4502-9C7D-2A2A631DDE30}.Release|Any CPU.Build.0 = Release|Any CPU
		{45E4AFA9-F92B-410B-B751-777F19C72DBE}.Debug|Any CPU.ActiveCfg = Debug|Any CPU
		{45E4AFA9-F92B-410B-B751-777F19C72DBE}.Debug|Any CPU.Build.0 = Debug|Any CPU
		{45E4AFA9-F92B-410B-B751-777F19C72DBE}.Release|Any CPU.ActiveCfg = Release|Any CPU
		{45E4AFA9-F92B-410B-B751-777F19C72DBE}.Release|Any CPU.Build.0 = Release|Any CPU
		{1D02C82C-8EDB-4DEA-8703-3FCB8C4838E5}.Debug|Any CPU.ActiveCfg = Debug|Any CPU
		{1D02C82C-8EDB-4DEA-8703-3FCB8C4838E5}.Debug|Any CPU.Build.0 = Debug|Any CPU
		{1D02C82C-8EDB-4DEA-8703-3FCB8C4838E5}.Release|Any CPU.ActiveCfg = Release|Any CPU
		{1D02C82C-8EDB-4DEA-8703-3FCB8C4838E5}.Release|Any CPU.Build.0 = Release|Any CPU
		{E779FEB9-CA15-42FC-A9F9-F5637244E9EC}.Debug|Any CPU.ActiveCfg = Debug|Any CPU
		{E779FEB9-CA15-42FC-A9F9-F5637244E9EC}.Debug|Any CPU.Build.0 = Debug|Any CPU
		{E779FEB9-CA15-42FC-A9F9-F5637244E9EC}.Release|Any CPU.ActiveCfg = Release|Any CPU
		{E779FEB9-CA15-42FC-A9F9-F5637244E9EC}.Release|Any CPU.Build.0 = Release|Any CPU
	EndGlobalSection
	GlobalSection(SolutionProperties) = preSolution
		HideSolutionNode = FALSE
	EndGlobalSection
	GlobalSection(NestedProjects) = preSolution
		{34E852B2-AF5F-4402-95CA-47EA5C7F6B6A} = {E972D8C4-27A3-4DCE-813D-CEA8617BE84E}
		{080F1A92-5240-4643-BB6D-D07D5A9723AD} = {34E852B2-AF5F-4402-95CA-47EA5C7F6B6A}
		{A87E1EC8-EDEB-49AB-8326-2B0C6A9B27C4} = {34E852B2-AF5F-4402-95CA-47EA5C7F6B6A}
		{87FAF743-51C3-4166-9C1D-A5C0B0059A58} = {A87E1EC8-EDEB-49AB-8326-2B0C6A9B27C4}
		{E556A4E5-311B-490C-B0DA-A0FADB3FF1A6} = {A87E1EC8-EDEB-49AB-8326-2B0C6A9B27C4}
		{BCDC0270-FCE8-4D0D-B09B-087422DB52D3} = {A87E1EC8-EDEB-49AB-8326-2B0C6A9B27C4}
		{2CFFEB0F-2FF2-4228-BE18-77B3D0947F88} = {A87E1EC8-EDEB-49AB-8326-2B0C6A9B27C4}
		{AB3E16B3-0F99-4044-A97D-82C5197FBF4A} = {080F1A92-5240-4643-BB6D-D07D5A9723AD}
		{EC7A002A-4462-45C0-8A74-5F6E796039FA} = {080F1A92-5240-4643-BB6D-D07D5A9723AD}
		{6E8901F4-9ECA-4485-8691-D9FCCED141F2} = {080F1A92-5240-4643-BB6D-D07D5A9723AD}
		{01FD7983-CD1E-4C85-9DD1-5D22B6B1F031} = {080F1A92-5240-4643-BB6D-D07D5A9723AD}
		{C29B1DF4-BE07-4AA3-931B-9848CB7AFD82} = {34E852B2-AF5F-4402-95CA-47EA5C7F6B6A}
		{ED693758-414D-4242-B3AD-29427294429C} = {C29B1DF4-BE07-4AA3-931B-9848CB7AFD82}
		{4FB36D9F-E2FC-4165-A99E-4CF86BABE64D} = {C29B1DF4-BE07-4AA3-931B-9848CB7AFD82}
		{7FC0871A-E18D-4661-8670-DFE1EAA38CD1} = {34E852B2-AF5F-4402-95CA-47EA5C7F6B6A}
		{C4BF3FE7-EBF3-470F-95F0-A244A8D098E0} = {7FC0871A-E18D-4661-8670-DFE1EAA38CD1}
		{3EE35428-360D-4E30-B910-35B6D5505019} = {7FC0871A-E18D-4661-8670-DFE1EAA38CD1}
		{96522A74-6D20-43F2-B23F-AE072276686A} = {7FC0871A-E18D-4661-8670-DFE1EAA38CD1}
		{13C14BCF-FBDD-46ED-BD56-E9E27E4A8FEE} = {7FC0871A-E18D-4661-8670-DFE1EAA38CD1}
		{E5C3EE0D-0DD7-4A73-A15A-67A68BE00317} = {A87E1EC8-EDEB-49AB-8326-2B0C6A9B27C4}
		{99B33975-8393-48FD-BAF6-6B2CF6169331} = {E5C3EE0D-0DD7-4A73-A15A-67A68BE00317}
		{B9399114-3200-496D-8691-D23A4C04FEA7} = {E5C3EE0D-0DD7-4A73-A15A-67A68BE00317}
		{4780E879-D39E-4D61-A305-74E944701F36} = {E972D8C4-27A3-4DCE-813D-CEA8617BE84E}
		{0F2DC300-12A2-4F57-B451-CC96739E498C} = {4780E879-D39E-4D61-A305-74E944701F36}
		{2C800069-412F-42BB-BF29-F1DF8A13E152} = {E972D8C4-27A3-4DCE-813D-CEA8617BE84E}
		{01386F5E-870D-46E7-9ADC-79B2BB4E8023} = {2C800069-412F-42BB-BF29-F1DF8A13E152}
		{26F79D3F-1F02-42BE-A102-371DAD83EE62} = {080F1A92-5240-4643-BB6D-D07D5A9723AD}
		{DB1F98B2-B40C-4907-B16D-0057D173100F} = {26F79D3F-1F02-42BE-A102-371DAD83EE62}
		{C6A9BA0C-179C-4AD7-9675-282FF21DD0F3} = {7FC0871A-E18D-4661-8670-DFE1EAA38CD1}
		{9BA9F91B-38D4-421E-BEE3-C9265E789728} = {C6A9BA0C-179C-4AD7-9675-282FF21DD0F3}
		{A38B2C58-694B-40CB-AA88-6A18F7B760EB} = {34E852B2-AF5F-4402-95CA-47EA5C7F6B6A}
		{0D9F4FDF-0E0B-4502-9C7D-2A2A631DDE30} = {A38B2C58-694B-40CB-AA88-6A18F7B760EB}
		{45E4AFA9-F92B-410B-B751-777F19C72DBE} = {A38B2C58-694B-40CB-AA88-6A18F7B760EB}
		{1D02C82C-8EDB-4DEA-8703-3FCB8C4838E5} = {A38B2C58-694B-40CB-AA88-6A18F7B760EB}
		{E779FEB9-CA15-42FC-A9F9-F5637244E9EC} = {A38B2C58-694B-40CB-AA88-6A18F7B760EB}
	EndGlobalSection
	GlobalSection(ExtensibilityGlobals) = postSolution
		SolutionGuid = {A6FB9205-7C78-4F1D-9BD6-1DBC3C5958C2}
	EndGlobalSection
EndGlobal
